{
  "version": 4,
  "terraform_version": "1.15.7",
  "serial": 59,
  "lineage": "4091efc8-fe18-cbb2-bf20-8ddfabc65145",
  "outputs": {},
  "resources": [
    {
      "mode": "managed",
      "type": "docker_network",
      "name": "mern_net",
      "provider": "provider[\"registry.terraform.io/kreuzwerker/docker\"]",
      "instances": [
        {
          "schema_version": 1,
          "attributes": {
            "attachable": false,
            "check_duplicate": null,
            "driver": "bridge",
            "id": "7c66803b8f7289c54a4217d4bb73f99baaa3bf1fa669861ecae9ae419c08e31b",
            "ingress": false,
            "internal": false,
            "ipam_config": [
              {
                "aux_address": {},
                "gateway": "172.18.0.1",
                "ip_range": "",
                "subnet": "172.18.0.0/16"
              }
            ],
            "ipam_driver": "default",
            "ipam_options": {},
            "ipv6": false,
            "labels": [],
            "name": "mern_internal_network",
            "options": {},
            "scope": "local"
          },
          "sensitive_attributes": [],
          "identity_schema_version": 0,
          "private": "eyJzY2hlbWFfdmVyc2lvbiI6IjEifQ=="
        }
      ]
    },
    {
      "module": "module.backend",
      "mode": "managed",
      "type": "docker_container",
      "name": "backend",
      "provider": "provider[\"registry.terraform.io/kreuzwerker/docker\"]",
      "instances": [
        {
          "schema_version": 2,
          "attributes": {
            "attach": false,
            "bridge": "",
            "capabilities": [],
            "cgroupns_mode": null,
            "command": [
              "node",
              "./index.js"
            ],
            "container_logs": null,
            "container_read_refresh_timeout_milliseconds": 15000,
            "cpu_set": "",
            "cpu_shares": 0,
            "destroy_grace_seconds": null,
            "devices": [],
            "dns": null,
            "dns_opts": null,
            "dns_search": null,
            "domainname": "",
            "entrypoint": [
              "docker-entrypoint.sh"
            ],
            "env": [
              "MONGO_URL=mongodb://admin:secretpassword@mongodb:27017"
            ],
            "exit_code": null,
            "gpus": null,
            "group_add": null,
            "healthcheck": null,
            "host": [],
            "hostname": "bb48293576e9",
            "id": "bb48293576e91eadc783b11d43cd5a83309b330fcb0c71a9392eddb96e753fcf",
            "image": "sha256:b6fccf52c73a5786b2e79e06e5c86d4689416d0ea41a6477af6ad89c1d81933f",
            "init": false,
            "ipc_mode": "private",
            "labels": [],
            "log_driver": "json-file",
            "log_opts": null,
            "logs": false,
            "max_retry_count": 0,
            "memory": 0,
            "memory_swap": 0,
            "mounts": [],
            "must_run": true,
            "name": "mern_backend",
            "network_data": [
              {
                "gateway": "172.18.0.1",
                "global_ipv6_address": "",
                "global_ipv6_prefix_length": 0,
                "ip_address": "172.18.0.2",
                "ip_prefix_length": 16,
                "ipv6_gateway": "",
                "mac_address": "82:30:4e:6c:ab:27",
                "network_name": "mern_internal_network"
              }
            ],
            "network_mode": "bridge",
            "networks_advanced": [
              {
                "aliases": [],
                "ipv4_address": "",
                "ipv6_address": "",
                "name": "mern_internal_network"
              }
            ],
            "pid_mode": "",
            "ports": [],
            "privileged": false,
            "publish_all_ports": false,
            "read_only": false,
            "remove_volumes": true,
            "restart": "no",
            "rm": false,
            "runtime": "runc",
            "security_opts": [],
            "shm_size": 64,
            "start": true,
            "stdin_open": false,
            "stop_signal": "",
            "stop_timeout": 0,
            "storage_opts": null,
            "sysctls": null,
            "tmpfs": null,
            "tty": false,
            "ulimit": [],
            "upload": [],
            "user": "1000",
            "userns_mode": "",
            "volumes": [],
            "wait": false,
            "wait_timeout": 60,
            "working_dir": "/app"
          },
          "sensitive_attributes": [
            [
              {
                "type": "get_attr",
                "value": "env"
              }
            ]
          ],
          "identity_schema_version": 0,
          "private": "eyJzY2hlbWFfdmVyc2lvbiI6IjIifQ==",
          "dependencies": [
            "docker_network.mern_net",
            "module.backend.docker_image.backend_api"
          ]
        }
      ]
    },
    {
      "module": "module.backend",
      "mode": "managed",
      "type": "docker_image",
      "name": "backend_api",
      "provider": "provider[\"registry.terraform.io/kreuzwerker/docker\"]",
      "instances": [
        {
          "schema_version": 0,
          "attributes": {
            "build": [],
            "force_remove": null,
            "id": "sha256:b6fccf52c73a5786b2e79e06e5c86d4689416d0ea41a6477af6ad89c1d81933fmendhak/http-https-echo:30",
            "image_id": "sha256:b6fccf52c73a5786b2e79e06e5c86d4689416d0ea41a6477af6ad89c1d81933f",
            "keep_locally": true,
            "name": "mendhak/http-https-echo:30",
            "platform": null,
            "pull_triggers": null,
            "repo_digest": "mendhak/http-https-echo@sha256:b6fccf52c73a5786b2e79e06e5c86d4689416d0ea41a6477af6ad89c1d81933f",
            "triggers": null
          },
          "sensitive_attributes": [],
          "identity_schema_version": 0,
          "private": "bnVsbA=="
        }
      ]
    },
    {
      "module": "module.database",
      "mode": "managed",
      "type": "docker_container",
      "name": "mongodb",
      "provider": "provider[\"registry.terraform.io/kreuzwerker/docker\"]",
      "instances": [
        {
          "schema_version": 2,
          "attributes": {
            "attach": false,
            "bridge": "",
            "capabilities": [],
            "cgroupns_mode": null,
            "command": [
              "mongod"
            ],
            "container_logs": null,
            "container_read_refresh_timeout_milliseconds": 15000,
            "cpu_set": "",
            "cpu_shares": 0,
            "destroy_grace_seconds": null,
            "devices": [],
            "dns": null,
            "dns_opts": null,
            "dns_search": null,
            "domainname": "",
            "entrypoint": [
              "docker-entrypoint.sh"
            ],
            "env": [
              "MONGO_INITDB_ROOT_PASSWORD=secretpassword",
              "MONGO_INITDB_ROOT_USERNAME=admin"
            ],
            "exit_code": null,
            "gpus": null,
            "group_add": null,
            "healthcheck": null,
            "host": [],
            "hostname": "2b915258ea9e",
            "id": "2b915258ea9e39e281e57d198be3bcd3a2c9831f65c803b03cd3792097b66b74",
            "image": "sha256:b8806ee8207318a30316eca72257da4c146025a80fdcdb4c597e596af9233ee3",
            "init": false,
            "ipc_mode": "private",
            "labels": [],
            "log_driver": "json-file",
            "log_opts": null,
            "logs": false,
            "max_retry_count": 0,
            "memory": 0,
            "memory_swap": 0,
            "mounts": [],
            "must_run": true,
            "name": "mongodb",
            "network_data": [
              {
                "gateway": "172.18.0.1",
                "global_ipv6_address": "",
                "global_ipv6_prefix_length": 0,
                "ip_address": "172.18.0.3",
                "ip_prefix_length": 16,
                "ipv6_gateway": "",
                "mac_address": "4e:f8:8a:6f:8b:48",
                "network_name": "mern_internal_network"
              }
            ],
            "network_mode": "bridge",
            "networks_advanced": [
              {
                "aliases": [],
                "ipv4_address": "",
                "ipv6_address": "",
                "name": "mern_internal_network"
              }
            ],
            "pid_mode": "",
            "ports": [],
            "privileged": false,
            "publish_all_ports": false,
            "read_only": false,
            "remove_volumes": true,
            "restart": "no",
            "rm": false,
            "runtime": "runc",
            "security_opts": [],
            "shm_size": 64,
            "start": true,
            "stdin_open": false,
            "stop_signal": "",
            "stop_timeout": 0,
            "storage_opts": null,
            "sysctls": null,
            "tmpfs": null,
            "tty": false,
            "ulimit": [],
            "upload": [],
            "user": "",
            "userns_mode": "",
            "volumes": [
              {
                "container_path": "/data/db",
                "from_container": "",
                "host_path": "",
                "read_only": null,
                "volume_name": "mern_mongo_data"
              }
            ],
            "wait": false,
            "wait_timeout": 60,
            "working_dir": ""
          },
          "sensitive_attributes": [
            [
              {
                "type": "get_attr",
                "value": "env"
              }
            ]
          ],
          "identity_schema_version": 0,
          "private": "eyJzY2hlbWFfdmVyc2lvbiI6IjIifQ==",
          "dependencies": [
            "docker_network.mern_net",
            "module.database.docker_image.mongo",
            "module.database.docker_volume.mongo_data"
          ]
        }
      ]
    },
    {
      "module": "module.database",
      "mode": "managed",
      "type": "docker_image",
      "name": "mongo",
      "provider": "provider[\"registry.terraform.io/kreuzwerker/docker\"]",
      "instances": [
        {
          "schema_version": 0,
          "attributes": {
            "build": [],
            "force_remove": null,
            "id": "sha256:b8806ee8207318a30316eca72257da4c146025a80fdcdb4c597e596af9233ee3mongo:latest",
            "image_id": "sha256:b8806ee8207318a30316eca72257da4c146025a80fdcdb4c597e596af9233ee3",
            "keep_locally": true,
            "name": "mongo:latest",
            "platform": null,
            "pull_triggers": null,
            "repo_digest": "mongo@sha256:b8806ee8207318a30316eca72257da4c146025a80fdcdb4c597e596af9233ee3",
            "triggers": null
          },
          "sensitive_attributes": [],
          "identity_schema_version": 0,
          "private": "bnVsbA=="
        }
      ]
    },
    {
      "module": "module.database",
      "mode": "managed",
      "type": "docker_volume",
      "name": "mongo_data",
      "provider": "provider[\"registry.terraform.io/kreuzwerker/docker\"]",
      "instances": [
        {
          "schema_version": 1,
          "attributes": {
            "driver": "local",
            "driver_opts": {},
            "id": "mern_mongo_data",
            "labels": [],
            "mountpoint": "/var/lib/docker/volumes/mern_mongo_data/_data",
            "name": "mern_mongo_data"
          },
          "sensitive_attributes": [],
          "identity_schema_version": 0,
          "private": "eyJzY2hlbWFfdmVyc2lvbiI6IjEifQ=="
        }
      ]
    },
    {
      "module": "module.frontend",
      "mode": "managed",
      "type": "docker_image",
      "name": "frontend",
      "provider": "provider[\"registry.terraform.io/kreuzwerker/docker\"]",
      "instances": [
        {
          "schema_version": 0,
          "attributes": {
            "build": [],
            "force_remove": null,
            "id": "sha256:54f2a904c251d5a34adf545a72d32515a15e08418dae0266e23be2e18c66fefanginx:alpine",
            "image_id": "sha256:54f2a904c251d5a34adf545a72d32515a15e08418dae0266e23be2e18c66fefa",
            "keep_locally": true,
            "name": "nginx:alpine",
            "platform": null,
            "pull_triggers": null,
            "repo_digest": "nginx@sha256:54f2a904c251d5a34adf545a72d32515a15e08418dae0266e23be2e18c66fefa",
            "triggers": null
          },
          "sensitive_attributes": [],
          "identity_schema_version": 0,
          "private": "bnVsbA=="
        }
      ]
    }
  ],
  "check_results": null
}
